
Microsoft Visual Studio Solution File, Format Version 12.00
# Visual Studio 2013
VisualStudioVersion = 12.0.0.0
MinimumVisualStudioVersion = 10.0.0.1
Project("{FAE04EC0-301F-11D3-BF4B-00C04F79EFBC}") = "TripWay.Library", "TripWay.Library\TripWay.Library.csproj", "{167BC7A2-3E00-4A60-A267-160554972B01}"
EndProject
Project("{FAE04EC0-301F-11D3-BF4B-00C04F79EFBC}") = "TripWay.Test", "TripWay.Test\TripWay.Test.csproj", "{BE2F5CE9-C10C-4DB2-A924-8929F32C84CB}"
EndProject
Project("{FAE04EC0-301F-11D3-BF4B-00C04F79EFBC}") = "VisitPath", "VisitPath\VisitPath.csproj", "{ADEAF250-0454-48F7-AE19-7FDD46D9F6DF}"
EndProject
Global
	GlobalSection(SolutionConfigurationPlatforms) = preSolution
		Debug|Any CPU = Debug|Any CPU
		Release|Any CPU = Release|Any CPU
		Debug|x64 = Debug|x64
		Debug|x86 = Debug|x86
		Release|x64 = Release|x64
		Release|x86 = Release|x86
	EndGlobalSection
	GlobalSection(ProjectConfigurationPlatforms) = postSolution
		{167BC7A2-3E00-4A60-A267-160554972B01}.Debug|Any CPU.ActiveCfg = Debug|Any CPU
		{167BC7A2-3E00-4A60-A267-160554972B01}.Debug|Any CPU.Build.0 = Debug|Any CPU
		{167BC7A2-3E00-4A60-A267-160554972B01}.Release|Any CPU.ActiveCfg = Release|Any CPU
		{167BC7A2-3E00-4A60-A267-160554972B01}.Release|Any CPU.Build.0 = Release|Any CPU
		{BE2F5CE9-C10C-4DB2-A924-8929F32C84CB}.Debug|Any CPU.ActiveCfg = Debug|Any CPU
		{BE2F5CE9-C10C-4DB2-A924-8929F32C84CB}.Debug|Any CPU.Build.0 = Debug|Any CPU
		{BE2F5CE9-C10C-4DB2-A924-8929F32C84CB}.Release|Any CPU.ActiveCfg = Release|Any CPU
		{BE2F5CE9-C10C-4DB2-A924-8929F32C84CB}.Release|Any CPU.Build.0 = Release|Any CPU
		{ADEAF250-0454-48F7-AE19-7FDD46D9F6DF}.Debug|Any CPU.ActiveCfg = Debug|Any CPU
		{ADEAF250-0454-48F7-AE19-7FDD46D9F6DF}.Debug|Any CPU.Build.0 = Debug|Any CPU
		{ADEAF250-0454-48F7-AE19-7FDD46D9F6DF}.Debug|x64.ActiveCfg = Debug|x64
		{ADEAF250-0454-48F7-AE19-7FDD46D9F6DF}.Debug|x64.Build.0 = Debug|x64
		{ADEAF250-0454-48F7-AE19-7FDD46D9F6DF}.Debug|x86.ActiveCfg = Debug|x86
		{ADEAF250-0454-48F7-AE19-7FDD46D9F6DF}.Debug|x86.Build.0 = Debug|x86
		{ADEAF250-0454-48F7-AE19-7FDD46D9F6DF}.Release|Any CPU.ActiveCfg = Release|Any CPU
		{ADEAF250-0454-48F7-AE19-7FDD46D9F6DF}.Release|Any CPU.Build.0 = Release|Any CPU
		{ADEAF250-0454-48F7-AE19-7FDD46D9F6DF}.Release|x64.ActiveCfg = Release|x64
		{ADEAF250-0454-48F7-AE19-7FDD46D9F6DF}.Release|x64.Build.0 = Release|x64
		{ADEAF250-0454-48F7-AE19-7FDD46D9F6DF}.Release|x86.ActiveCfg = Release|x86
		{ADEAF250-0454-48F7-AE19-7FDD46D9F6DF}.Release|x86.Build.0 = Release|x86
	EndGlobalSection
	GlobalSection(SolutionProperties) = preSolution
		HideSolutionNode = FALSE
	EndGlobalSection
EndGlobal
